{
  "name": "vanila_client",
  "version": "1.0.0",
  "lockfileVersion": 1,
  "requires": true,
  "dependencies": {
    "graphql.js": {
      "version": "0.6.5",
      "resolved": "https://registry.npmjs.org/graphql.js/-/graphql.js-0.6.5.tgz",
      "integrity": "sha512-C9hwTP8COeKlodFJ8f+AKqZYtwIJRaEf9p+njyqqqMF/YypRLZ+o2SvL/0ykmYooBlCYb2eGPk66x1nqBTZeMQ=="
    }
  }
}
